{
  "name": "npm",
  "version": "1.0.0",
  "lockfileVersion": 2,
  "requires": true,
  "packages": {
    "": {
      "name": "npm",
      "version": "1.0.0",
      "license": "ISC",
      "dependencies": {
        "figlet": "^1.5.2"
      }
    },
    "node_modules/figlet": {
      "version": "1.5.2",
      "resolved": "https://registry.npmjs.org/figlet/-/figlet-1.5.2.tgz",
      "integrity": "sha512-WOn21V8AhyE1QqVfPIVxe3tupJacq1xGkPTB4iagT6o+P2cAgEOOwIxMftr4+ZCTI6d551ij9j61DFr0nsP2uQ==",
      "engines": {
        "node": ">= 0.4.0"
      }
    }
  },
  "dependencies": {
    "figlet": {
      "version": "1.5.2",
      "resolved": "https://registry.npmjs.org/figlet/-/figlet-1.5.2.tgz",
      "integrity": "sha512-WOn21V8AhyE1QqVfPIVxe3tupJacq1xGkPTB4iagT6o+P2cAgEOOwIxMftr4+ZCTI6d551ij9j61DFr0nsP2uQ=="
    }
  }
}
